Microsoft Visual Studio Solution File, Format Version 12.00
# Visual Studio Version 17
VisualStudioVersion = 17.5.2.0
MinimumVisualStudioVersion = 10.0.40219.1
Project("{FAE04EC0-301F-11D3-BF4B-00C04F79EFBC}") = "SwiftSteamGameApi", "SwiftSteamGameApi.csproj", "{8FAA64A4-96C7-AAB7-CE1D-9BF32C7BA775}"
EndProject
Global
	GlobalSection(SolutionConfigurationPlatforms) = preSolution
		Debug|Any CPU = Debug|Any CPU
		Release|Any CPU = Release|Any CPU
	EndGlobalSection
	GlobalSection(ProjectConfigurationPlatforms) = postSolution
		{8FAA64A4-96C7-AAB7-CE1D-9BF32C7BA775}.Debug|Any CPU.ActiveCfg = Debug|Any CPU
		{8FAA64A4-96C7-AAB7-CE1D-9BF32C7BA775}.Debug|Any CPU.Build.0 = Debug|Any CPU
		{8FAA64A4-96C7-AAB7-CE1D-9BF32C7BA775}.Release|Any CPU.ActiveCfg = Release|Any CPU
		{8FAA64A4-96C7-AAB7-CE1D-9BF32C7BA775}.Release|Any CPU.Build.0 = Release|Any CPU
	EndGlobalSection
	GlobalSection(SolutionProperties) = preSolution
		HideSolutionNode = FALSE
	EndGlobalSection
	GlobalSection(ExtensibilityGlobals) = postSolution
		SolutionGuid = {6EEE8A41-746D-4A5E-84A1-87897FDA1C1A}
	EndGlobalSection
EndGlobal
